
Microsoft Visual Studio Solution File, Format Version 12.00
# Visual Studio Version 17
VisualStudioVersion = 17.14.36414.22
MinimumVisualStudioVersion = 10.0.40219.1
Project("{FAE04EC0-301F-11D3-BF4B-00C04F79EFBC}") = "PNLExamGenerator", "PNLExamGenerator.csproj", "{BA4A0563-BF4F-4035-96CD-ED8677F8B530}"
	ProjectSection(ProjectDependencies) = postProject
		{EE948171-5A9F-4A9E-9CE2-72443F2281ED} = {EE948171-5A9F-4A9E-9CE2-72443F2281ED}
	EndProjectSection
EndProject
Project("{2150E333-8FDC-42A3-9474-1A3956D46DE8}") = "Elementos de la solución", "Elementos de la solución", "{D107F4C8-89CC-BEA8-D3D7-CA6B7733353D}"
	ProjectSection(SolutionItems) = preProject
		.gitignore = .gitignore
	EndProjectSection
EndProject
Project("{FAE04EC0-301F-11D3-BF4B-00C04F79EFBC}") = "PLNExamGenerator.Entidades", "..\PLNExamGenerator.Entidades\PLNExamGenerator.Entidades.csproj", "{EE948171-5A9F-4A9E-9CE2-72443F2281ED}"
EndProject
Project("{FAE04EC0-301F-11D3-BF4B-00C04F79EFBC}") = "PLNExamGenerator.Logica", "..\PLNExamGenerator.Logica\PLNExamGenerator.Logica.csproj", "{2B566871-8A08-4027-A7B8-6436605C58DB}"
EndProject
Project("{2150E333-8FDC-42A3-9474-1A3956D46DE8}") = "src", "src", "{827E0CD3-B72D-47B6-A68D-7590B98EB39B}"
EndProject
Project("{2150E333-8FDC-42A3-9474-1A3956D46DE8}") = "PLNExamGenerator.Entidades", "PLNExamGenerator.Entidades", "{23FA6C63-79C9-92DC-1375-40A71035475E}"
EndProject
Project("{FAE04EC0-301F-11D3-BF4B-00C04F79EFBC}") = "PNLExamGenerator.Entidades", "src\PLNExamGenerator.Entidades\PNLExamGenerator.Entidades.csproj", "{97A7C549-A26F-4373-ACFF-54380341C288}"
EndProject
Project("{2150E333-8FDC-42A3-9474-1A3956D46DE8}") = "PLNExamGenerator.Logica", "PLNExamGenerator.Logica", "{F5E11746-FA53-96C9-6D44-FD9963C57058}"
EndProject
Project("{FAE04EC0-301F-11D3-BF4B-00C04F79EFBC}") = "PNLExamGenerator.Logica", "src\PLNExamGenerator.Logica\PNLExamGenerator.Logica.csproj", "{5C2AB2D4-A336-4172-B701-212D69938E68}"
EndProject
Global
	GlobalSection(SolutionConfigurationPlatforms) = preSolution
		Debug|Any CPU = Debug|Any CPU
		Debug|x64 = Debug|x64
		Debug|x86 = Debug|x86
		Release|Any CPU = Release|Any CPU
		Release|x64 = Release|x64
		Release|x86 = Release|x86
	EndGlobalSection
	GlobalSection(ProjectConfigurationPlatforms) = postSolution
		{BA4A0563-BF4F-4035-96CD-ED8677F8B530}.Debug|Any CPU.ActiveCfg = Debug|Any CPU
		{BA4A0563-BF4F-4035-96CD-ED8677F8B530}.Debug|Any CPU.Build.0 = Debug|Any CPU
		{BA4A0563-BF4F-4035-96CD-ED8677F8B530}.Debug|x64.ActiveCfg = Debug|Any CPU
		{BA4A0563-BF4F-4035-96CD-ED8677F8B530}.Debug|x64.Build.0 = Debug|Any CPU
		{BA4A0563-BF4F-4035-96CD-ED8677F8B530}.Debug|x86.ActiveCfg = Debug|Any CPU
		{BA4A0563-BF4F-4035-96CD-ED8677F8B530}.Debug|x86.Build.0 = Debug|Any CPU
		{BA4A0563-BF4F-4035-96CD-ED8677F8B530}.Release|Any CPU.ActiveCfg = Release|Any CPU
		{BA4A0563-BF4F-4035-96CD-ED8677F8B530}.Release|Any CPU.Build.0 = Release|Any CPU
		{BA4A0563-BF4F-4035-96CD-ED8677F8B530}.Release|x64.ActiveCfg = Release|Any CPU
		{BA4A0563-BF4F-4035-96CD-ED8677F8B530}.Release|x64.Build.0 = Release|Any CPU
		{BA4A0563-BF4F-4035-96CD-ED8677F8B530}.Release|x86.ActiveCfg = Release|Any CPU
		{BA4A0563-BF4F-4035-96CD-ED8677F8B530}.Release|x86.Build.0 = Release|Any CPU
		{EE948171-5A9F-4A9E-9CE2-72443F2281ED}.Debug|Any CPU.ActiveCfg = Debug|Any CPU
		{EE948171-5A9F-4A9E-9CE2-72443F2281ED}.Debug|Any CPU.Build.0 = Debug|Any CPU
		{EE948171-5A9F-4A9E-9CE2-72443F2281ED}.Debug|x64.ActiveCfg = Debug|Any CPU
		{EE948171-5A9F-4A9E-9CE2-72443F2281ED}.Debug|x64.Build.0 = Debug|Any CPU
		{EE948171-5A9F-4A9E-9CE2-72443F2281ED}.Debug|x86.ActiveCfg = Debug|Any CPU
		{EE948171-5A9F-4A9E-9CE2-72443F2281ED}.Debug|x86.Build.0 = Debug|Any CPU
		{EE948171-5A9F-4A9E-9CE2-72443F2281ED}.Release|Any CPU.ActiveCfg = Release|Any CPU
		{EE948171-5A9F-4A9E-9CE2-72443F2281ED}.Release|Any CPU.Build.0 = Release|Any CPU
		{EE948171-5A9F-4A9E-9CE2-72443F2281ED}.Release|x64.ActiveCfg = Release|Any CPU
		{EE948171-5A9F-4A9E-9CE2-72443F2281ED}.Release|x64.Build.0 = Release|Any CPU
		{EE948171-5A9F-4A9E-9CE2-72443F2281ED}.Release|x86.ActiveCfg = Release|Any CPU
		{EE948171-5A9F-4A9E-9CE2-72443F2281ED}.Release|x86.Build.0 = Release|Any CPU
		{2B566871-8A08-4027-A7B8-6436605C58DB}.Debug|Any CPU.ActiveCfg = Debug|Any CPU
		{2B566871-8A08-4027-A7B8-6436605C58DB}.Debug|Any CPU.Build.0 = Debug|Any CPU
		{2B566871-8A08-4027-A7B8-6436605C58DB}.Debug|x64.ActiveCfg = Debug|Any CPU
		{2B566871-8A08-4027-A7B8-6436605C58DB}.Debug|x64.Build.0 = Debug|Any CPU
		{2B566871-8A08-4027-A7B8-6436605C58DB}.Debug|x86.ActiveCfg = Debug|Any CPU
		{2B566871-8A08-4027-A7B8-6436605C58DB}.Debug|x86.Build.0 = Debug|Any CPU
		{2B566871-8A08-4027-A7B8-6436605C58DB}.Release|Any CPU.ActiveCfg = Release|Any CPU
		{2B566871-8A08-4027-A7B8-6436605C58DB}.Release|Any CPU.Build.0 = Release|Any CPU
		{2B566871-8A08-4027-A7B8-6436605C58DB}.Release|x64.ActiveCfg = Release|Any CPU
		{2B566871-8A08-4027-A7B8-6436605C58DB}.Release|x64.Build.0 = Release|Any CPU
		{2B566871-8A08-4027-A7B8-6436605C58DB}.Release|x86.ActiveCfg = Release|Any CPU
		{2B566871-8A08-4027-A7B8-6436605C58DB}.Release|x86.Build.0 = Release|Any CPU
		{97A7C549-A26F-4373-ACFF-54380341C288}.Debug|Any CPU.ActiveCfg = Debug|Any CPU
		{97A7C549-A26F-4373-ACFF-54380341C288}.Debug|Any CPU.Build.0 = Debug|Any CPU
		{97A7C549-A26F-4373-ACFF-54380341C288}.Debug|x64.ActiveCfg = Debug|Any CPU
		{97A7C549-A26F-4373-ACFF-54380341C288}.Debug|x64.Build.0 = Debug|Any CPU
		{97A7C549-A26F-4373-ACFF-54380341C288}.Debug|x86.ActiveCfg = Debug|Any CPU
		{97A7C549-A26F-4373-ACFF-54380341C288}.Debug|x86.Build.0 = Debug|Any CPU
		{97A7C549-A26F-4373-ACFF-54380341C288}.Release|Any CPU.ActiveCfg = Release|Any CPU
		{97A7C549-A26F-4373-ACFF-54380341C288}.Release|Any CPU.Build.0 = Release|Any CPU
		{97A7C549-A26F-4373-ACFF-54380341C288}.Release|x64.ActiveCfg = Release|Any CPU
		{97A7C549-A26F-4373-ACFF-54380341C288}.Release|x64.Build.0 = Release|Any CPU
		{97A7C549-A26F-4373-ACFF-54380341C288}.Release|x86.ActiveCfg = Release|Any CPU
		{97A7C549-A26F-4373-ACFF-54380341C288}.Release|x86.Build.0 = Release|Any CPU
		{5C2AB2D4-A336-4172-B701-212D69938E68}.Debug|Any CPU.ActiveCfg = Debug|Any CPU
		{5C2AB2D4-A336-4172-B701-212D69938E68}.Debug|Any CPU.Build.0 = Debug|Any CPU
		{5C2AB2D4-A336-4172-B701-212D69938E68}.Debug|x64.ActiveCfg = Debug|Any CPU
		{5C2AB2D4-A336-4172-B701-212D69938E68}.Debug|x64.Build.0 = Debug|Any CPU
		{5C2AB2D4-A336-4172-B701-212D69938E68}.Debug|x86.ActiveCfg = Debug|Any CPU
		{5C2AB2D4-A336-4172-B701-212D69938E68}.Debug|x86.Build.0 = Debug|Any CPU
		{5C2AB2D4-A336-4172-B701-212D69938E68}.Release|Any CPU.ActiveCfg = Release|Any CPU
		{5C2AB2D4-A336-4172-B701-212D69938E68}.Release|Any CPU.Build.0 = Release|Any CPU
		{5C2AB2D4-A336-4172-B701-212D69938E68}.Release|x64.ActiveCfg = Release|Any CPU
		{5C2AB2D4-A336-4172-B701-212D69938E68}.Release|x64.Build.0 = Release|Any CPU
		{5C2AB2D4-A336-4172-B701-212D69938E68}.Release|x86.ActiveCfg = Release|Any CPU
		{5C2AB2D4-A336-4172-B701-212D69938E68}.Release|x86.Build.0 = Release|Any CPU
	EndGlobalSection
	GlobalSection(SolutionProperties) = preSolution
		HideSolutionNode = FALSE
	EndGlobalSection
	GlobalSection(NestedProjects) = preSolution
		{23FA6C63-79C9-92DC-1375-40A71035475E} = {827E0CD3-B72D-47B6-A68D-7590B98EB39B}
		{97A7C549-A26F-4373-ACFF-54380341C288} = {23FA6C63-79C9-92DC-1375-40A71035475E}
		{F5E11746-FA53-96C9-6D44-FD9963C57058} = {827E0CD3-B72D-47B6-A68D-7590B98EB39B}
		{5C2AB2D4-A336-4172-B701-212D69938E68} = {F5E11746-FA53-96C9-6D44-FD9963C57058}
	EndGlobalSection
	GlobalSection(ExtensibilityGlobals) = postSolution
		SolutionGuid = {8CD123E6-197B-495F-BD31-623C7F7FB2B5}
	EndGlobalSection
EndGlobal
